// !$*UTF8*$!
{
	archiveVersion = 1;
	classes = {
	};
	objectVersion = 50;
	objects = {

/* Begin PBXBuildFile section */
		193DCAAF2186B8BD007BB966 /* GDChartsView.m in Sources */ = {isa = PBXBuildFile; fileRef = 193DCA9E2186B8BC007BB966 /* GDChartsView.m */; };
		193DCAB02186B8BD007BB966 /* GDBackGroundView.m in Sources */ = {isa = PBXBuildFile; fileRef = 193DCAA02186B8BC007BB966 /* GDBackGroundView.m */; };
		193DCAB12186B8BD007BB966 /* GDChartsViewModel.m in Sources */ = {isa = PBXBuildFile; fileRef = 193DCAA32186B8BC007BB966 /* GDChartsViewModel.m */; };
		193DCAB22186B8BD007BB966 /* GDChartsViewBinder.m in Sources */ = {isa = PBXBuildFile; fileRef = 193DCAA72186B8BD007BB966 /* GDChartsViewBinder.m */; };
		193DCAB32186B8BD007BB966 /* GDChartsConfigModel.m in Sources */ = {isa = PBXBuildFile; fileRef = 193DCAAB2186B8BD007BB966 /* GDChartsConfigModel.m */; };
		193DCAB42186B8BD007BB966 /* GDChartsGridModel.m in Sources */ = {isa = PBXBuildFile; fileRef = 193DCAAD2186B8BD007BB966 /* GDChartsGridModel.m */; };
		193DCAB82186B9BD007BB966 /* GDChartsService.m in Sources */ = {isa = PBXBuildFile; fileRef = 193DCAB72186B9BD007BB966 /* GDChartsService.m */; };
		194F7C1B2187F9F300218B58 /* GDChartsCalculationModel.m in Sources */ = {isa = PBXBuildFile; fileRef = 194F7C1A2187F9F300218B58 /* GDChartsCalculationModel.m */; };
		19650A2E218C3635002DEC6D /* GDLinecharModel.m in Sources */ = {isa = PBXBuildFile; fileRef = 19650A2D218C3635002DEC6D /* GDLinecharModel.m */; };
		19650A31218C36EB002DEC6D /* GDStockModel.m in Sources */ = {isa = PBXBuildFile; fileRef = 19650A30218C36EB002DEC6D /* GDStockModel.m */; };
		196D25BD21871EBD008CD39E /* GDLinecharView.m in Sources */ = {isa = PBXBuildFile; fileRef = 196D25BC21871EBD008CD39E /* GDLinecharView.m */; };
		19985AB5217DE055006E560F /* AppDelegate.m in Sources */ = {isa = PBXBuildFile; fileRef = 19985AB4217DE055006E560F /* AppDelegate.m */; };
		19985AB8217DE055006E560F /* ViewController.m in Sources */ = {isa = PBXBuildFile; fileRef = 19985AB7217DE055006E560F /* ViewController.m */; };
		19985ABB217DE055006E560F /* Main.storyboard in Resources */ = {isa = PBXBuildFile; fileRef = 19985AB9217DE055006E560F /* Main.storyboard */; };
		19985ABD217DE056006E560F /* Assets.xcassets in Resources */ = {isa = PBXBuildFile; fileRef = 19985ABC217DE056006E560F /* Assets.xcassets */; };
		19985AC0217DE056006E560F /* LaunchScreen.storyboard in Resources */ = {isa = PBXBuildFile; fileRef = 19985ABE217DE056006E560F /* LaunchScreen.storyboard */; };
		19985AC3217DE056006E560F /* main.m in Sources */ = {isa = PBXBuildFile; fileRef = 19985AC2217DE056006E560F /* main.m */; };
		19985ACD217DE056006E560F /* GDChartsTests.m in Sources */ = {isa = PBXBuildFile; fileRef = 19985ACC217DE056006E560F /* GDChartsTests.m */; };
		19985AD8217DE056006E560F /* GDChartsUITests.m in Sources */ = {isa = PBXBuildFile; fileRef = 19985AD7217DE056006E560F /* GDChartsUITests.m */; };
		19F3E942218A9CFF00E8D231 /* GDNSString+Number+GD.m in Sources */ = {isa = PBXBuildFile; fileRef = 19F3E941218A9CFF00E8D231 /* GDNSString+Number+GD.m */; };
		19F3E945218AA19C00E8D231 /* GDCategories.m in Sources */ = {isa = PBXBuildFile; fileRef = 19F3E944218AA19C00E8D231 /* GDCategories.m */; };
		C7D4C773C7A24008C392B846 /* Pods_GDCharts.framework in Frameworks */ = {isa = PBXBuildFile; fileRef = BAB688ACD9BE79DD3EB9A50E /* Pods_GDCharts.framework */; };
/* End PBXBuildFile section */

/* Begin PBXContainerItemProxy section */
		19985AC9217DE056006E560F /* PBXContainerItemProxy */ = {
			isa = PBXContainerItemProxy;
			containerPortal = 19985AA8217DE055006E560F /* Project object */;
			proxyType = 1;
			remoteGlobalIDString = 19985AAF217DE055006E560F;
			remoteInfo = GDCharts;
		};
		19985AD4217DE056006E560F /* PBXContainerItemProxy */ = {
			isa = PBXContainerItemProxy;
			containerPortal = 19985AA8217DE055006E560F /* Project object */;
			proxyType = 1;
			remoteGlobalIDString = 19985AAF217DE055006E560F;
			remoteInfo = GDCharts;
		};
/* End PBXContainerItemProxy section */

/* Begin PBXFileReference section */
		17544878DBF044C3208F3FD7 /* Pods-GDCharts.debug.xcconfig */ = {isa = PBXFileReference; includeInIndex = 1; lastKnownFileType = text.xcconfig; name = "Pods-GDCharts.debug.xcconfig"; path = "Pods/Target Support Files/Pods-GDCharts/Pods-GDCharts.debug.xcconfig"; sourceTree = "<group>"; };
		193DCA9C2186B8BC007BB966 /* GDChartsView.h */ = {isa = PBXFileReference; fileEncoding = 4; lastKnownFileType = sourcecode.c.h; path = GDChartsView.h; sourceTree = "<group>"; };
		193DCA9D2186B8BC007BB966 /* GDChartsRender.h */ = {isa = PBXFileReference; fileEncoding = 4; lastKnownFileType = sourcecode.c.h; path = GDChartsRender.h; sourceTree = "<group>"; };
		193DCA9E2186B8BC007BB966 /* GDChartsView.m */ = {isa = PBXFileReference; fileEncoding = 4; lastKnownFileType = sourcecode.c.objc; path = GDChartsView.m; sourceTree = "<group>"; };
		193DCAA02186B8BC007BB966 /* GDBackGroundView.m */ = {isa = PBXFileReference; fileEncoding = 4; lastKnownFileType = sourcecode.c.objc; path = GDBackGroundView.m; sourceTree = "<group>"; };
		193DCAA12186B8BC007BB966 /* GDBackGroundView.h */ = {isa = PBXFileReference; fileEncoding = 4; lastKnownFileType = sourcecode.c.h; path = GDBackGroundView.h; sourceTree = "<group>"; };
		193DCAA32186B8BC007BB966 /* GDChartsViewModel.m */ = {isa = PBXFileReference; fileEncoding = 4; lastKnownFileType = sourcecode.c.objc; path = GDChartsViewModel.m; sourceTree = "<group>"; };
		193DCAA42186B8BC007BB966 /* GDChartsViewModel.h */ = {isa = PBXFileReference; fileEncoding = 4; lastKnownFileType = sourcecode.c.h; path = GDChartsViewModel.h; sourceTree = "<group>"; };
		193DCAA62186B8BD007BB966 /* GDChartsViewBinder.h */ = {isa = PBXFileReference; fileEncoding = 4; lastKnownFileType = sourcecode.c.h; path = GDChartsViewBinder.h; sourceTree = "<group>"; };
		193DCAA72186B8BD007BB966 /* GDChartsViewBinder.m */ = {isa = PBXFileReference; fileEncoding = 4; lastKnownFileType = sourcecode.c.objc; path = GDChartsViewBinder.m; sourceTree = "<group>"; };
		193DCAAA2186B8BD007BB966 /* GDChartsConfigModel.h */ = {isa = PBXFileReference; fileEncoding = 4; lastKnownFileType = sourcecode.c.h; path = GDChartsConfigModel.h; sourceTree = "<group>"; };
		193DCAAB2186B8BD007BB966 /* GDChartsConfigModel.m */ = {isa = PBXFileReference; fileEncoding = 4; lastKnownFileType = sourcecode.c.objc; path = GDChartsConfigModel.m; sourceTree = "<group>"; };
		193DCAAD2186B8BD007BB966 /* GDChartsGridModel.m */ = {isa = PBXFileReference; fileEncoding = 4; lastKnownFileType = sourcecode.c.objc; path = GDChartsGridModel.m; sourceTree = "<group>"; };
		193DCAAE2186B8BD007BB966 /* GDChartsGridModel.h */ = {isa = PBXFileReference; fileEncoding = 4; lastKnownFileType = sourcecode.c.h; path = GDChartsGridModel.h; sourceTree = "<group>"; };
		193DCAB62186B9BD007BB966 /* GDChartsService.h */ = {isa = PBXFileReference; lastKnownFileType = sourcecode.c.h; path = GDChartsService.h; sourceTree = "<group>"; };
		193DCAB72186B9BD007BB966 /* GDChartsService.m */ = {isa = PBXFileReference; lastKnownFileType = sourcecode.c.objc; path = GDChartsService.m; sourceTree = "<group>"; };
		194F7C192187F9F300218B58 /* GDChartsCalculationModel.h */ = {isa = PBXFileReference; lastKnownFileType = sourcecode.c.h; path = GDChartsCalculationModel.h; sourceTree = "<group>"; };
		194F7C1A2187F9F300218B58 /* GDChartsCalculationModel.m */ = {isa = PBXFileReference; lastKnownFileType = sourcecode.c.objc; path = GDChartsCalculationModel.m; sourceTree = "<group>"; };
		19650A2C218C3635002DEC6D /* GDLinecharModel.h */ = {isa = PBXFileReference; lastKnownFileType = sourcecode.c.h; path = GDLinecharModel.h; sourceTree = "<group>"; };
		19650A2D218C3635002DEC6D /* GDLinecharModel.m */ = {isa = PBXFileReference; lastKnownFileType = sourcecode.c.objc; path = GDLinecharModel.m; sourceTree = "<group>"; };
		19650A2F218C36EB002DEC6D /* GDStockModel.h */ = {isa = PBXFileReference; lastKnownFileType = sourcecode.c.h; path = GDStockModel.h; sourceTree = "<group>"; };
		19650A30218C36EB002DEC6D /* GDStockModel.m */ = {isa = PBXFileReference; lastKnownFileType = sourcecode.c.objc; path = GDStockModel.m; sourceTree = "<group>"; };
		196D25BB21871EBD008CD39E /* GDLinecharView.h */ = {isa = PBXFileReference; lastKnownFileType = sourcecode.c.h; path = GDLinecharView.h; sourceTree = "<group>"; };
		196D25BC21871EBD008CD39E /* GDLinecharView.m */ = {isa = PBXFileReference; lastKnownFileType = sourcecode.c.objc; path = GDLinecharView.m; sourceTree = "<group>"; };
		19985AB0217DE055006E560F /* GDCharts.app */ = {isa = PBXFileReference; explicitFileType = wrapper.application; includeInIndex = 0; path = GDCharts.app; sourceTree = BUILT_PRODUCTS_DIR; };
		19985AB3217DE055006E560F /* AppDelegate.h */ = {isa = PBXFileReference; lastKnownFileType = sourcecode.c.h; path = AppDelegate.h; sourceTree = "<group>"; };
		19985AB4217DE055006E560F /* AppDelegate.m */ = {isa = PBXFileReference; lastKnownFileType = sourcecode.c.objc; path = AppDelegate.m; sourceTree = "<group>"; };
		19985AB6217DE055006E560F /* ViewController.h */ = {isa = PBXFileReference; lastKnownFileType = sourcecode.c.h; path = ViewController.h; sourceTree = "<group>"; };
		19985AB7217DE055006E560F /* ViewController.m */ = {isa = PBXFileReference; lastKnownFileType = sourcecode.c.objc; path = ViewController.m; sourceTree = "<group>"; };
		19985ABA217DE055006E560F /* Base */ = {isa = PBXFileReference; lastKnownFileType = file.storyboard; name = Base; path = Base.lproj/Main.storyboard; sourceTree = "<group>"; };
		19985ABC217DE056006E560F /* Assets.xcassets */ = {isa = PBXFileReference; lastKnownFileType = folder.assetcatalog; path = Assets.xcassets; sourceTree = "<group>"; };
		19985ABF217DE056006E560F /* Base */ = {isa = PBXFileReference; lastKnownFileType = file.storyboard; name = Base; path = Base.lproj/LaunchScreen.storyboard; sourceTree = "<group>"; };
		19985AC1217DE056006E560F /* Info.plist */ = {isa = PBXFileReference; lastKnownFileType = text.plist.xml; path = Info.plist; sourceTree = "<group>"; };
		19985AC2217DE056006E560F /* main.m */ = {isa = PBXFileReference; lastKnownFileType = sourcecode.c.objc; path = main.m; sourceTree = "<group>"; };
		19985AC8217DE056006E560F /* GDChartsTests.xctest */ = {isa = PBXFileReference; explicitFileType = wrapper.cfbundle; includeInIndex = 0; path = GDChartsTests.xctest; sourceTree = BUILT_PRODUCTS_DIR; };
		19985ACC217DE056006E560F /* GDChartsTests.m */ = {isa = PBXFileReference; lastKnownFileType = sourcecode.c.objc; path = GDChartsTests.m; sourceTree = "<group>"; };
		19985ACE217DE056006E560F /* Info.plist */ = {isa = PBXFileReference; lastKnownFileType = text.plist.xml; path = Info.plist; sourceTree = "<group>"; };
		19985AD3217DE056006E560F /* GDChartsUITests.xctest */ = {isa = PBXFileReference; explicitFileType = wrapper.cfbundle; includeInIndex = 0; path = GDChartsUITests.xctest; sourceTree = BUILT_PRODUCTS_DIR; };
		19985AD7217DE056006E560F /* GDChartsUITests.m */ = {isa = PBXFileReference; lastKnownFileType = sourcecode.c.objc; path = GDChartsUITests.m; sourceTree = "<group>"; };
		19985AD9217DE056006E560F /* Info.plist */ = {isa = PBXFileReference; lastKnownFileType = text.plist.xml; path = Info.plist; sourceTree = "<group>"; };
		19F3E940218A9CFF00E8D231 /* GDNSString+Number+GD.h */ = {isa = PBXFileReference; fileEncoding = 4; lastKnownFileType = sourcecode.c.h; path = "GDNSString+Number+GD.h"; sourceTree = "<group>"; };
		19F3E941218A9CFF00E8D231 /* GDNSString+Number+GD.m */ = {isa = PBXFileReference; fileEncoding = 4; lastKnownFileType = sourcecode.c.objc; path = "GDNSString+Number+GD.m"; sourceTree = "<group>"; };
		19F3E943218AA19C00E8D231 /* GDCategories.h */ = {isa = PBXFileReference; lastKnownFileType = sourcecode.c.h; path = GDCategories.h; sourceTree = "<group>"; };
		19F3E944218AA19C00E8D231 /* GDCategories.m */ = {isa = PBXFileReference; lastKnownFileType = sourcecode.c.objc; path = GDCategories.m; sourceTree = "<group>"; };
		390B1308BA0EEF5439654846 /* Pods-GDCharts.release.xcconfig */ = {isa = PBXFileReference; includeInIndex = 1; lastKnownFileType = text.xcconfig; name = "Pods-GDCharts.release.xcconfig"; path = "Pods/Target Support Files/Pods-GDCharts/Pods-GDCharts.release.xcconfig"; sourceTree = "<group>"; };
		BAB688ACD9BE79DD3EB9A50E /* Pods_GDCharts.framework */ = {isa = PBXFileReference; explicitFileType = wrapper.framework; includeInIndex = 0; path = Pods_GDCharts.framework; sourceTree = BUILT_PRODUCTS_DIR; };
/* End PBXFileReference section */

/* Begin PBXFrameworksBuildPhase section */
		19985AAD217DE055006E560F /* Frameworks */ = {
			isa = PBXFrameworksBuildPhase;
			buildActionMask = 2147483647;
			files = (
				C7D4C773C7A24008C392B846 /* Pods_GDCharts.framework in Frameworks */,
			);
			runOnlyForDeploymentPostprocessing = 0;
		};
		19985AC5217DE056006E560F /* Frameworks */ = {
			isa = PBXFrameworksBuildPhase;
			buildActionMask = 2147483647;
			files = (
			);
			runOnlyForDeploymentPostprocessing = 0;
		};
		19985AD0217DE056006E560F /* Frameworks */ = {
			isa = PBXFrameworksBuildPhase;
			buildActionMask = 2147483647;
			files = (
			);
			runOnlyForDeploymentPostprocessing = 0;
		};
/* End PBXFrameworksBuildPhase section */

/* Begin PBXGroup section */
		193DCA9B2186B8BC007BB966 /* View */ = {
			isa = PBXGroup;
			children = (
				196D25BA21871E70008CD39E /* Linechar */,
				193DCA9D2186B8BC007BB966 /* GDChartsRender.h */,
				193DCA9C2186B8BC007BB966 /* GDChartsView.h */,
				193DCA9E2186B8BC007BB966 /* GDChartsView.m */,
				193DCA9F2186B8BC007BB966 /* BackGroundView */,
			);
			path = View;
			sourceTree = "<group>";
		};
		193DCA9F2186B8BC007BB966 /* BackGroundView */ = {
			isa = PBXGroup;
			children = (
				193DCAA12186B8BC007BB966 /* GDBackGroundView.h */,
				193DCAA02186B8BC007BB966 /* GDBackGroundView.m */,
			);
			path = BackGroundView;
			sourceTree = "<group>";
		};
		193DCAA22186B8BC007BB966 /* ViewModel */ = {
			isa = PBXGroup;
			children = (
				193DCAA42186B8BC007BB966 /* GDChartsViewModel.h */,
				193DCAA32186B8BC007BB966 /* GDChartsViewModel.m */,
				194F7C192187F9F300218B58 /* GDChartsCalculationModel.h */,
				194F7C1A2187F9F300218B58 /* GDChartsCalculationModel.m */,
			);
			path = ViewModel;
			sourceTree = "<group>";
		};
		193DCAA52186B8BD007BB966 /* Binder */ = {
			isa = PBXGroup;
			children = (
				193DCAA62186B8BD007BB966 /* GDChartsViewBinder.h */,
				193DCAA72186B8BD007BB966 /* GDChartsViewBinder.m */,
			);
			path = Binder;
			sourceTree = "<group>";
		};
		193DCAA82186B8BD007BB966 /* Model */ = {
			isa = PBXGroup;
			children = (
				193DCAA92186B8BD007BB966 /* Config */,
				193DCAAC2186B8BD007BB966 /* Grid */,
				19650A2C218C3635002DEC6D /* GDLinecharModel.h */,
				19650A2D218C3635002DEC6D /* GDLinecharModel.m */,
				19650A2F218C36EB002DEC6D /* GDStockModel.h */,
				19650A30218C36EB002DEC6D /* GDStockModel.m */,
			);
			path = Model;
			sourceTree = "<group>";
		};
		193DCAA92186B8BD007BB966 /* Config */ = {
			isa = PBXGroup;
			children = (
				193DCAAA2186B8BD007BB966 /* GDChartsConfigModel.h */,
				193DCAAB2186B8BD007BB966 /* GDChartsConfigModel.m */,
			);
			path = Config;
			sourceTree = "<group>";
		};
		193DCAAC2186B8BD007BB966 /* Grid */ = {
			isa = PBXGroup;
			children = (
				193DCAAE2186B8BD007BB966 /* GDChartsGridModel.h */,
				193DCAAD2186B8BD007BB966 /* GDChartsGridModel.m */,
			);
			path = Grid;
			sourceTree = "<group>";
		};
		193DCAB52186B9A6007BB966 /* Service */ = {
			isa = PBXGroup;
			children = (
				193DCAB62186B9BD007BB966 /* GDChartsService.h */,
				193DCAB72186B9BD007BB966 /* GDChartsService.m */,
			);
			path = Service;
			sourceTree = "<group>";
		};
		196D25BA21871E70008CD39E /* Linechar */ = {
			isa = PBXGroup;
			children = (
				196D25BB21871EBD008CD39E /* GDLinecharView.h */,
				196D25BC21871EBD008CD39E /* GDLinecharView.m */,
			);
			path = Linechar;
			sourceTree = "<group>";
		};
		19985AA7217DE055006E560F = {
			isa = PBXGroup;
			children = (
				19985AB2217DE055006E560F /* GDCharts */,
				19985ACB217DE056006E560F /* GDChartsTests */,
				19985AD6217DE056006E560F /* GDChartsUITests */,
				19985AB1217DE055006E560F /* Products */,
				75A438A8E7B88F4EC97247A4 /* Pods */,
				9DE302E207DB5D738CF9E5BB /* Frameworks */,
			);
			sourceTree = "<group>";
		};
		19985AB1217DE055006E560F /* Products */ = {
			isa = PBXGroup;
			children = (
				19985AB0217DE055006E560F /* GDCharts.app */,
				19985AC8217DE056006E560F /* GDChartsTests.xctest */,
				19985AD3217DE056006E560F /* GDChartsUITests.xctest */,
			);
			name = Products;
			sourceTree = "<group>";
		};
		19985AB2217DE055006E560F /* GDCharts */ = {
			isa = PBXGroup;
			children = (
				19F3E93E218A9CFF00E8D231 /* Foundation */,
				193DCAA82186B8BD007BB966 /* Model */,
				193DCAB52186B9A6007BB966 /* Service */,
				193DCAA22186B8BC007BB966 /* ViewModel */,
				193DCAA52186B8BD007BB966 /* Binder */,
				193DCA9B2186B8BC007BB966 /* View */,
				19985AB3217DE055006E560F /* AppDelegate.h */,
				19985AB4217DE055006E560F /* AppDelegate.m */,
				19985AB6217DE055006E560F /* ViewController.h */,
				19985AB7217DE055006E560F /* ViewController.m */,
				19985AB9217DE055006E560F /* Main.storyboard */,
				19985ABC217DE056006E560F /* Assets.xcassets */,
				19985ABE217DE056006E560F /* LaunchScreen.storyboard */,
				19985AC1217DE056006E560F /* Info.plist */,
				19985AC2217DE056006E560F /* main.m */,
			);
			path = GDCharts;
			sourceTree = "<group>";
		};
		19985ACB217DE056006E560F /* GDChartsTests */ = {
			isa = PBXGroup;
			children = (
				19985ACC217DE056006E560F /* GDChartsTests.m */,
				19985ACE217DE056006E560F /* Info.plist */,
			);
			path = GDChartsTests;
			sourceTree = "<group>";
		};
		19985AD6217DE056006E560F /* GDChartsUITests */ = {
			isa = PBXGroup;
			children = (
				19985AD7217DE056006E560F /* GDChartsUITests.m */,
				19985AD9217DE056006E560F /* Info.plist */,
			);
			path = GDChartsUITests;
			sourceTree = "<group>";
		};
		19F3E93E218A9CFF00E8D231 /* Foundation */ = {
			isa = PBXGroup;
			children = (
				19F3E93F218A9CFF00E8D231 /* NSString */,
				19F3E943218AA19C00E8D231 /* GDCategories.h */,
				19F3E944218AA19C00E8D231 /* GDCategories.m */,
			);
			path = Foundation;
			sourceTree = "<group>";
		};
		19F3E93F218A9CFF00E8D231 /* NSString */ = {
			isa = PBXGroup;
			children = (
				19F3E940218A9CFF00E8D231 /* GDNSString+Number+GD.h */,
				19F3E941218A9CFF00E8D231 /* GDNSString+Number+GD.m */,
			);
			path = NSString;
			sourceTree = "<group>";
		};
		75A438A8E7B88F4EC97247A4 /* Pods */ = {
			isa = PBXGroup;
			children = (
				17544878DBF044C3208F3FD7 /* Pods-GDCharts.debug.xcconfig */,
				390B1308BA0EEF5439654846 /* Pods-GDCharts.release.xcconfig */,
			);
			name = Pods;
			sourceTree = "<group>";
		};
		9DE302E207DB5D738CF9E5BB /* Frameworks */ = {
			isa = PBXGroup;
			children = (
				BAB688ACD9BE79DD3EB9A50E /* Pods_GDCharts.framework */,
			);
			name = Frameworks;
			sourceTree = "<group>";
		};
/* End PBXGroup section */

/* Begin PBXNativeTarget section */
		19985AAF217DE055006E560F /* GDCharts */ = {
			isa = PBXNativeTarget;
			buildConfigurationList = 19985ADC217DE056006E560F /* Build configuration list for PBXNativeTarget "GDCharts" */;
			buildPhases = (
				CEBD28C2DC818CF9A6DB68E6 /* [CP] Check Pods Manifest.lock */,
				19985AAC217DE055006E560F /* Sources */,
				19985AAD217DE055006E560F /* Frameworks */,
				19985AAE217DE055006E560F /* Resources */,
				018AEAC3E19C1B5B267F62DA /* [CP] Embed Pods Frameworks */,
			);
			buildRules = (
			);
			dependencies = (
			);
			name = GDCharts;
			productName = GDCharts;
			productReference = 19985AB0217DE055006E560F /* GDCharts.app */;
			productType = "com.apple.product-type.application";
		};
		19985AC7217DE056006E560F /* GDChartsTests */ = {
			isa = PBXNativeTarget;
			buildConfigurationList = 19985ADF217DE056006E560F /* Build configuration list for PBXNativeTarget "GDChartsTests" */;
			buildPhases = (
				19985AC4217DE056006E560F /* Sources */,
				19985AC5217DE056006E560F /* Frameworks */,
				19985AC6217DE056006E560F /* Resources */,
			);
			buildRules = (
			);
			dependencies = (
				19985ACA217DE056006E560F /* PBXTargetDependency */,
			);
			name = GDChartsTests;
			productName = GDChartsTests;
			productReference = 19985AC8217DE056006E560F /* GDChartsTests.xctest */;
			productType = "com.apple.product-type.bundle.unit-test";
		};
		19985AD2217DE056006E560F /* GDChartsUITests */ = {
			isa = PBXNativeTarget;
			buildConfigurationList = 19985AE2217DE056006E560F /* Build configuration list for PBXNativeTarget "GDChartsUITests" */;
			buildPhases = (
				19985ACF217DE056006E560F /* Sources */,
				19985AD0217DE056006E560F /* Frameworks */,
				19985AD1217DE056006E560F /* Resources */,
			);
			buildRules = (
			);
			dependencies = (
				19985AD5217DE056006E560F /* PBXTargetDependency */,
			);
			name = GDChartsUITests;
			productName = GDChartsUITests;
			productReference = 19985AD3217DE056006E560F /* GDChartsUITests.xctest */;
			productType = "com.apple.product-type.bundle.ui-testing";
		};
/* End PBXNativeTarget section */

/* Begin PBXProject section */
		19985AA8217DE055006E560F /* Project object */ = {
			isa = PBXProject;
			attributes = {
				LastUpgradeCheck = 0940;
				ORGANIZATIONNAME = tiger;
				TargetAttributes = {
					19985AAF217DE055006E560F = {
						CreatedOnToolsVersion = 9.4.1;
					};
					19985AC7217DE056006E560F = {
						CreatedOnToolsVersion = 9.4.1;
						TestTargetID = 19985AAF217DE055006E560F;
					};
					19985AD2217DE056006E560F = {
						CreatedOnToolsVersion = 9.4.1;
						TestTargetID = 19985AAF217DE055006E560F;
					};
				};
			};
			buildConfigurationList = 19985AAB217DE055006E560F /* Build configuration list for PBXProject "GDCharts" */;
			compatibilityVersion = "Xcode 9.3";
			developmentRegion = en;
			hasScannedForEncodings = 0;
			knownRegions = (
				en,
				Base,
			);
			mainGroup = 19985AA7217DE055006E560F;
			productRefGroup = 19985AB1217DE055006E560F /* Products */;
			projectDirPath = "";
			projectRoot = "";
			targets = (
				19985AAF217DE055006E560F /* GDCharts */,
				19985AC7217DE056006E560F /* GDChartsTests */,
				19985AD2217DE056006E560F /* GDChartsUITests */,
			);
		};
/* End PBXProject section */

/* Begin PBXResourcesBuildPhase section */
		19985AAE217DE055006E560F /* Resources */ = {
			isa = PBXResourcesBuildPhase;
			buildActionMask = 2147483647;
			files = (
				19985AC0217DE056006E560F /* LaunchScreen.storyboard in Resources */,
				19985ABD217DE056006E560F /* Assets.xcassets in Resources */,
				19985ABB217DE055006E560F /* Main.storyboard in Resources */,
			);
			runOnlyForDeploymentPostprocessing = 0;
		};
		19985AC6217DE056006E560F /* Resources */ = {
			isa = PBXResourcesBuildPhase;
			buildActionMask = 2147483647;
			files = (
			);
			runOnlyForDeploymentPostprocessing = 0;
		};
		19985AD1217DE056006E560F /* Resources */ = {
			isa = PBXResourcesBuildPhase;
			buildActionMask = 2147483647;
			files = (
			);
			runOnlyForDeploymentPostprocessing = 0;
		};
/* End PBXResourcesBuildPhase section */

/* Begin PBXShellScriptBuildPhase section */
		018AEAC3E19C1B5B267F62DA /* [CP] Embed Pods Frameworks */ = {
			isa = PBXShellScriptBuildPhase;
			buildActionMask = 2147483647;
			files = (
			);
			inputPaths = (
				"${SRCROOT}/Pods/Target Support Files/Pods-GDCharts/Pods-GDCharts-frameworks.sh",
				"${BUILT_PRODUCTS_DIR}/DateTools/DateTools.framework",
				"${BUILT_PRODUCTS_DIR}/Masonry/Masonry.framework",
				"${BUILT_PRODUCTS_DIR}/ReactiveCocoa/ReactiveCocoa.framework",
				"${BUILT_PRODUCTS_DIR}/YYModel/YYModel.framework",
			);
			name = "[CP] Embed Pods Frameworks";
			outputPaths = (
				"${TARGET_BUILD_DIR}/${FRAMEWORKS_FOLDER_PATH}/DateTools.framework",
				"${TARGET_BUILD_DIR}/${FRAMEWORKS_FOLDER_PATH}/Masonry.framework",
				"${TARGET_BUILD_DIR}/${FRAMEWORKS_FOLDER_PATH}/ReactiveCocoa.framework",
				"${TARGET_BUILD_DIR}/${FRAMEWORKS_FOLDER_PATH}/YYModel.framework",
			);
			runOnlyForDeploymentPostprocessing = 0;
			shellPath = /bin/sh;
			shellScript = "\"${SRCROOT}/Pods/Target Support Files/Pods-GDCharts/Pods-GDCharts-frameworks.sh\"\n";
			showEnvVarsInLog = 0;
		};
		CEBD28C2DC818CF9A6DB68E6 /* [CP] Check Pods Manifest.lock */ = {
			isa = PBXShellScriptBuildPhase;
			buildActionMask = 2147483647;
			files = (
			);
			inputPaths = (
				"${PODS_PODFILE_DIR_PATH}/Podfile.lock",
				"${PODS_ROOT}/Manifest.lock",
			);
			name = "[CP] Check Pods Manifest.lock";
			outputPaths = (
				"$(DERIVED_FILE_DIR)/Pods-GDCharts-checkManifestLockResult.txt",
			);
			runOnlyForDeploymentPostprocessing = 0;
			shellPath = /bin/sh;
			shellScript = "diff \"${PODS_PODFILE_DIR_PATH}/Podfile.lock\" \"${PODS_ROOT}/Manifest.lock\" > /dev/null\nif [ $? != 0 ] ; then\n    # print error to STDERR\n    echo \"error: The sandbox is not in sync with the Podfile.lock. Run 'pod install' or update your CocoaPods installation.\" >&2\n    exit 1\nfi\n# This output is used by Xcode 'outputs' to avoid re-running this script phase.\necho \"SUCCESS\" > \"${SCRIPT_OUTPUT_FILE_0}\"\n";
			showEnvVarsInLog = 0;
		};
/* End PBXShellScriptBuildPhase section */

/* Begin PBXSourcesBuildPhase section */
		19985AAC217DE055006E560F /* Sources */ = {
			isa = PBXSourcesBuildPhase;
			buildActionMask = 2147483647;
			files = (
				19650A31218C36EB002DEC6D /* GDStockModel.m in Sources */,
				194F7C1B2187F9F300218B58 /* GDChartsCalculationModel.m in Sources */,
				193DCAAF2186B8BD007BB966 /* GDChartsView.m in Sources */,
				193DCAB02186B8BD007BB966 /* GDBackGroundView.m in Sources */,
				19985AB8217DE055006E560F /* ViewController.m in Sources */,
				19985AC3217DE056006E560F /* main.m in Sources */,
				193DCAB12186B8BD007BB966 /* GDChartsViewModel.m in Sources */,
				19985AB5217DE055006E560F /* AppDelegate.m in Sources */,
				19F3E945218AA19C00E8D231 /* GDCategories.m in Sources */,
				193DCAB22186B8BD007BB966 /* GDChartsViewBinder.m in Sources */,
				193DCAB82186B9BD007BB966 /* GDChartsService.m in Sources */,
				193DCAB32186B8BD007BB966 /* GDChartsConfigModel.m in Sources */,
				193DCAB42186B8BD007BB966 /* GDChartsGridModel.m in Sources */,
				19F3E942218A9CFF00E8D231 /* GDNSString+Number+GD.m in Sources */,
				19650A2E218C3635002DEC6D /* GDLinecharModel.m in Sources */,
				196D25BD21871EBD008CD39E /* GDLinecharView.m in Sources */,
			);
			runOnlyForDeploymentPostprocessing = 0;
		};
		19985AC4217DE056006E560F /* Sources */ = {
			isa = PBXSourcesBuildPhase;
			buildActionMask = 2147483647;
			files = (
				19985ACD217DE056006E560F /* GDChartsTests.m in Sources */,
			);
			runOnlyForDeploymentPostprocessing = 0;
		};
		19985ACF217DE056006E560F /* Sources */ = {
			isa = PBXSourcesBuildPhase;
			buildActionMask = 2147483647;
			files = (
				19985AD8217DE056006E560F /* GDChartsUITests.m in Sources */,
			);
			runOnlyForDeploymentPostprocessing = 0;
		};
/* End PBXSourcesBuildPhase section */

/* Begin PBXTargetDependency section */
		19985ACA217DE056006E560F /* PBXTargetDependency */ = {
			isa = PBXTargetDependency;
			target = 19985AAF217DE055006E560F /* GDCharts */;
			targetProxy = 19985AC9217DE056006E560F /* PBXContainerItemProxy */;
		};
		19985AD5217DE056006E560F /* PBXTargetDependency */ = {
			isa = PBXTargetDependency;
			target = 19985AAF217DE055006E560F /* GDCharts */;
			targetProxy = 19985AD4217DE056006E560F /* PBXContainerItemProxy */;
		};
/* End PBXTargetDependency section */

/* Begin PBXVariantGroup section */
		19985AB9217DE055006E560F /* Main.storyboard */ = {
			isa = PBXVariantGroup;
			children = (
				19985ABA217DE055006E560F /* Base */,
			);
			name = Main.storyboard;
			sourceTree = "<group>";
		};
		19985ABE217DE056006E560F /* LaunchScreen.storyboard */ = {
			isa = PBXVariantGroup;
			children = (
				19985ABF217DE056006E560F /* Base */,
			);
			name = LaunchScreen.storyboard;
			sourceTree = "<group>";
		};
/* End PBXVariantGroup section */

/* Begin XCBuildConfiguration section */
		19985ADA217DE056006E560F /* Debug */ = {
			isa = XCBuildConfiguration;
			buildSettings = {
				ALWAYS_SEARCH_USER_PATHS = NO;
				CLANG_ANALYZER_NONNULL = YES;
				CLANG_ANALYZER_NUMBER_OBJECT_CONVERSION = YES_AGGRESSIVE;
				CLANG_CXX_LANGUAGE_STANDARD = "gnu++14";
				CLANG_CXX_LIBRARY = "libc++";
				CLANG_ENABLE_MODULES = YES;
				CLANG_ENABLE_OBJC_ARC = YES;
				CLANG_ENABLE_OBJC_WEAK = YES;
				CLANG_WARN_BLOCK_CAPTURE_AUTORELEASING = YES;
				CLANG_WARN_BOOL_CONVERSION = YES;
				CLANG_WARN_COMMA = YES;
				CLANG_WARN_CONSTANT_CONVERSION = YES;
				CLANG_WARN_DEPRECATED_OBJC_IMPLEMENTATIONS = YES;
				CLANG_WARN_DIRECT_OBJC_ISA_USAGE = YES_ERROR;
				CLANG_WARN_DOCUMENTATION_COMMENTS = YES;
				CLANG_WARN_EMPTY_BODY = YES;
				CLANG_WARN_ENUM_CONVERSION = YES;
				CLANG_WARN_INFINITE_RECURSION = YES;
				CLANG_WARN_INT_CONVERSION = YES;
				CLANG_WARN_NON_LITERAL_NULL_CONVERSION = YES;
				CLANG_WARN_OBJC_IMPLICIT_RETAIN_SELF = YES;
				CLANG_WARN_OBJC_LITERAL_CONVERSION = YES;
				CLANG_WARN_OBJC_ROOT_CLASS = YES_ERROR;
				CLANG_WARN_RANGE_LOOP_ANALYSIS = YES;
				CLANG_WARN_STRICT_PROTOTYPES = YES;
				CLANG_WARN_SUSPICIOUS_MOVE = YES;
				CLANG_WARN_UNGUARDED_AVAILABILITY = YES_AGGRESSIVE;
				CLANG_WARN_UNREACHABLE_CODE = YES;
				CLANG_WARN__DUPLICATE_METHOD_MATCH = YES;
				CODE_SIGN_IDENTITY = "iPhone Developer";
				COPY_PHASE_STRIP = NO;
				DEBUG_INFORMATION_FORMAT = dwarf;
				ENABLE_STRICT_OBJC_MSGSEND = YES;
				ENABLE_TESTABILITY = YES;
				GCC_C_LANGUAGE_STANDARD = gnu11;
				GCC_DYNAMIC_NO_PIC = NO;
				GCC_NO_COMMON_BLOCKS = YES;
				GCC_OPTIMIZATION_LEVEL = 0;
				GCC_PREPROCESSOR_DEFINITIONS = (
					"DEBUG=1",
					"$(inherited)",
				);
				GCC_WARN_64_TO_32_BIT_CONVERSION = YES;
				GCC_WARN_ABOUT_RETURN_TYPE = YES_ERROR;
				GCC_WARN_UNDECLARED_SELECTOR = YES;
				GCC_WARN_UNINITIALIZED_AUTOS = YES_AGGRESSIVE;
				GCC_WARN_UNUSED_FUNCTION = YES;
				GCC_WARN_UNUSED_VARIABLE = YES;
				IPHONEOS_DEPLOYMENT_TARGET = 11.4;
				MTL_ENABLE_DEBUG_INFO = YES;
				ONLY_ACTIVE_ARCH = YES;
				SDKROOT = iphoneos;
			};
			name = Debug;
		};
		19985ADB217DE056006E560F /* Release */ = {
			isa = XCBuildConfiguration;
			buildSettings = {
				ALWAYS_SEARCH_USER_PATHS = NO;
				CLANG_ANALYZER_NONNULL = YES;
				CLANG_ANALYZER_NUMBER_OBJECT_CONVERSION = YES_AGGRESSIVE;
				CLANG_CXX_LANGUAGE_STANDARD = "gnu++14";
				CLANG_CXX_LIBRARY = "libc++";
				CLANG_ENABLE_MODULES = YES;
				CLANG_ENABLE_OBJC_ARC = YES;
				CLANG_ENABLE_OBJC_WEAK = YES;
				CLANG_WARN_BLOCK_CAPTURE_AUTORELEASING = YES;
				CLANG_WARN_BOOL_CONVERSION = YES;
				CLANG_WARN_COMMA = YES;
				CLANG_WARN_CONSTANT_CONVERSION = YES;
				CLANG_WARN_DEPRECATED_OBJC_IMPLEMENTATIONS = YES;
				CLANG_WARN_DIRECT_OBJC_ISA_USAGE = YES_ERROR;
				CLANG_WARN_DOCUMENTATION_COMMENTS = YES;
				CLANG_WARN_EMPTY_BODY = YES;
				CLANG_WARN_ENUM_CONVERSION = YES;
				CLANG_WARN_INFINITE_RECURSION = YES;
				CLANG_WARN_INT_CONVERSION = YES;
				CLANG_WARN_NON_LITERAL_NULL_CONVERSION = YES;
				CLANG_WARN_OBJC_IMPLICIT_RETAIN_SELF = YES;
				CLANG_WARN_OBJC_LITERAL_CONVERSION = YES;
				CLANG_WARN_OBJC_ROOT_CLASS = YES_ERROR;
				CLANG_WARN_RANGE_LOOP_ANALYSIS = YES;
				CLANG_WARN_STRICT_PROTOTYPES = YES;
				CLANG_WARN_SUSPICIOUS_MOVE = YES;
				CLANG_WARN_UNGUARDED_AVAILABILITY = YES_AGGRESSIVE;
				CLANG_WARN_UNREACHABLE_CODE = YES;
				CLANG_WARN__DUPLICATE_METHOD_MATCH = YES;
				CODE_SIGN_IDENTITY = "iPhone Developer";
				COPY_PHASE_STRIP = NO;
				DEBUG_INFORMATION_FORMAT = "dwarf-with-dsym";
				ENABLE_NS_ASSERTIONS = NO;
				ENABLE_STRICT_OBJC_MSGSEND = YES;
				GCC_C_LANGUAGE_STANDARD = gnu11;
				GCC_NO_COMMON_BLOCKS = YES;
				GCC_WARN_64_TO_32_BIT_CONVERSION = YES;
				GCC_WARN_ABOUT_RETURN_TYPE = YES_ERROR;
				GCC_WARN_UNDECLARED_SELECTOR = YES;
				GCC_WARN_UNINITIALIZED_AUTOS = YES_AGGRESSIVE;
				GCC_WARN_UNUSED_FUNCTION = YES;
				GCC_WARN_UNUSED_VARIABLE = YES;
				IPHONEOS_DEPLOYMENT_TARGET = 11.4;
				MTL_ENABLE_DEBUG_INFO = NO;
				SDKROOT = iphoneos;
				VALIDATE_PRODUCT = YES;
			};
			name = Release;
		};
		19985ADD217DE056006E560F /* Debug */ = {
			isa = XCBuildConfiguration;
			baseConfigurationReference = 17544878DBF044C3208F3FD7 /* Pods-GDCharts.debug.xcconfig */;
			buildSettings = {
				ASSETCATALOG_COMPILER_APPICON_NAME = AppIcon;
				CODE_SIGN_STYLE = Manual;
				DEVELOPMENT_TEAM = V973TY4SQ9;
				INFOPLIST_FILE = GDCharts/Info.plist;
				IPHONEOS_DEPLOYMENT_TARGET = 11.0;
				LD_RUNPATH_SEARCH_PATHS = (
					"$(inherited)",
					"@executable_path/Frameworks",
				);
				PRODUCT_BUNDLE_IDENTIFIER = com.predict..GDCharts;
				PRODUCT_NAME = "$(TARGET_NAME)";
				PROVISIONING_PROFILE = "92688043-6a41-4f2d-af9d-46e7cef90fe8";
				PROVISIONING_PROFILE_SPECIFIER = PTALL;
				TARGETED_DEVICE_FAMILY = "1,2";
			};
			name = Debug;
		};
		19985ADE217DE056006E560F /* Release */ = {
			isa = XCBuildConfiguration;
			baseConfigurationReference = 390B1308BA0EEF5439654846 /* Pods-GDCharts.release.xcconfig */;
			buildSettings = {
				ASSETCATALOG_COMPILER_APPICON_NAME = AppIcon;
				CODE_SIGN_STYLE = Manual;
				DEVELOPMENT_TEAM = V973TY4SQ9;
				INFOPLIST_FILE = GDCharts/Info.plist;
				IPHONEOS_DEPLOYMENT_TARGET = 11.0;
				LD_RUNPATH_SEARCH_PATHS = (
					"$(inherited)",
					"@executable_path/Frameworks",
				);
				PRODUCT_BUNDLE_IDENTIFIER = com.predict..GDCharts;
				PRODUCT_NAME = "$(TARGET_NAME)";
				PROVISIONING_PROFILE = "92688043-6a41-4f2d-af9d-46e7cef90fe8";
				PROVISIONING_PROFILE_SPECIFIER = PTALL;
				TARGETED_DEVICE_FAMILY = "1,2";
			};
			name = Release;
		};
		19985AE0217DE056006E560F /* Debug */ = {
			isa = XCBuildConfiguration;
			buildSettings = {
				BUNDLE_LOADER = "$(TEST_HOST)";
				CODE_SIGN_STYLE = Automatic;
				INFOPLIST_FILE = GDChartsTests/Info.plist;
				LD_RUNPATH_SEARCH_PATHS = (
					"$(inherited)",
					"@executable_path/Frameworks",
					"@loader_path/Frameworks",
				);
				PRODUCT_BUNDLE_IDENTIFIER = com.predict..GDChartsTests;
				PRODUCT_NAME = "$(TARGET_NAME)";
				TARGETED_DEVICE_FAMILY = "1,2";
				TEST_HOST = "$(BUILT_PRODUCTS_DIR)/GDCharts.app/GDCharts";
			};
			name = Debug;
		};
		19985AE1217DE056006E560F /* Release */ = {
			isa = XCBuildConfiguration;
			buildSettings = {
				BUNDLE_LOADER = "$(TEST_HOST)";
				CODE_SIGN_STYLE = Automatic;
				INFOPLIST_FILE = GDChartsTests/Info.plist;
				LD_RUNPATH_SEARCH_PATHS = (
					"$(inherited)",
					"@executable_path/Frameworks",
					"@loader_path/Frameworks",
				);
				PRODUCT_BUNDLE_IDENTIFIER = com.predict..GDChartsTests;
				PRODUCT_NAME = "$(TARGET_NAME)";
				TARGETED_DEVICE_FAMILY = "1,2";
				TEST_HOST = "$(BUILT_PRODUCTS_DIR)/GDCharts.app/GDCharts";
			};
			name = Release;
		};
		19985AE3217DE056006E560F /* Debug */ = {
			isa = XCBuildConfiguration;
			buildSettings = {
				CODE_SIGN_STYLE = Automatic;
				INFOPLIST_FILE = GDChartsUITests/Info.plist;
				LD_RUNPATH_SEARCH_PATHS = (
					"$(inherited)",
					"@executable_path/Frameworks",
					"@loader_path/Frameworks",
				);
				PRODUCT_BUNDLE_IDENTIFIER = com.predict..GDChartsUITests;
				PRODUCT_NAME = "$(TARGET_NAME)";
				TARGETED_DEVICE_FAMILY = "1,2";
				TEST_TARGET_NAME = GDCharts;
			};
			name = Debug;
		};
		19985AE4217DE056006E560F /* Release */ = {
			isa = XCBuildConfiguration;
			buildSettings = {
				CODE_SIGN_STYLE = Automatic;
				INFOPLIST_FILE = GDChartsUITests/Info.plist;
				LD_RUNPATH_SEARCH_PATHS = (
					"$(inherited)",
					"@executable_path/Frameworks",
					"@loader_path/Frameworks",
				);
				PRODUCT_BUNDLE_IDENTIFIER = com.predict..GDChartsUITests;
				PRODUCT_NAME = "$(TARGET_NAME)";
				TARGETED_DEVICE_FAMILY = "1,2";
				TEST_TARGET_NAME = GDCharts;
			};
			name = Release;
		};
/* End XCBuildConfiguration section */

/* Begin XCConfigurationList section */
		19985AAB217DE055006E560F /* Build configuration list for PBXProject "GDCharts" */ = {
			isa = XCConfigurationList;
			buildConfigurations = (
				19985ADA217DE056006E560F /* Debug */,
				19985ADB217DE056006E560F /* Release */,
			);
			defaultConfigurationIsVisible = 0;
			defaultConfigurationName = Release;
		};
		19985ADC217DE056006E560F /* Build configuration list for PBXNativeTarget "GDCharts" */ = {
			isa = XCConfigurationList;
			buildConfigurations = (
				19985ADD217DE056006E560F /* Debug */,
				19985ADE217DE056006E560F /* Release */,
			);
			defaultConfigurationIsVisible = 0;
			defaultConfigurationName = Release;
		};
		19985ADF217DE056006E560F /* Build configuration list for PBXNativeTarget "GDChartsTests" */ = {
			isa = XCConfigurationList;
			buildConfigurations = (
				19985AE0217DE056006E560F /* Debug */,
				19985AE1217DE056006E560F /* Release */,
			);
			defaultConfigurationIsVisible = 0;
			defaultConfigurationName = Release;
		};
		19985AE2217DE056006E560F /* Build configuration list for PBXNativeTarget "GDChartsUITests" */ = {
			isa = XCConfigurationList;
			buildConfigurations = (
				19985AE3217DE056006E560F /* Debug */,
				19985AE4217DE056006E560F /* Release */,
			);
			defaultConfigurationIsVisible = 0;
			defaultConfigurationName = Release;
		};
/* End XCConfigurationList section */
	};
	rootObject = 19985AA8217DE055006E560F /* Project object */;
}
